
Microsoft Visual Studio Solution File, Format Version 12.00
# Visual Studio Version 17
VisualStudioVersion = 17.6.33723.286
MinimumVisualStudioVersion = 10.0.40219.1
Project("{8BC9CEB8-8B4A-11D0-8D11-00A0C91BC942}") = "laba6", "laba6.vcxproj", "{A34140ED-732E-4512-8217-33CB071FC0BF}"
EndProject
Global
	GlobalSection(SolutionConfigurationPlatforms) = preSolution
		Debug|x64 = Debug|x64
		Debug|x86 = Debug|x86
		Release|x64 = Release|x64
		Release|x86 = Release|x86
	EndGlobalSection
	GlobalSection(ProjectConfigurationPlatforms) = postSolution
		{A34140ED-732E-4512-8217-33CB071FC0BF}.Debug|x64.ActiveCfg = Debug|x64
		{A34140ED-732E-4512-8217-33CB071FC0BF}.Debug|x64.Build.0 = Debug|x64
		{A34140ED-732E-4512-8217-33CB071FC0BF}.Debug|x86.ActiveCfg = Debug|Win32
		{A34140ED-732E-4512-8217-33CB071FC0BF}.Debug|x86.Build.0 = Debug|Win32
		{A34140ED-732E-4512-8217-33CB071FC0BF}.Release|x64.ActiveCfg = Release|x64
		{A34140ED-732E-4512-8217-33CB071FC0BF}.Release|x64.Build.0 = Release|x64
		{A34140ED-732E-4512-8217-33CB071FC0BF}.Release|x86.ActiveCfg = Release|Win32
		{A34140ED-732E-4512-8217-33CB071FC0BF}.Release|x86.Build.0 = Release|Win32
	EndGlobalSection
	GlobalSection(SolutionProperties) = preSolution
		HideSolutionNode = FALSE
	EndGlobalSection
	GlobalSection(ExtensibilityGlobals) = postSolution
		SolutionGuid = {46F36824-E2FB-4B43-BA7E-4AF763FE4534}
	EndGlobalSection
EndGlobal
